
Microsoft Visual Studio Solution File, Format Version 12.00
# Visual Studio Version 16
VisualStudioVersion = 16.0.30517.126
MinimumVisualStudioVersion = 10.0.40219.1
Project("{FAE04EC0-301F-11D3-BF4B-00C04F79EFBC}") = "SerialCommunicationService", "SerialCommunicationService\SerialCommunicationService.csproj", "{7FE7AE0A-A0A7-4284-8B6F-1FD808ED4496}"
EndProject
Global
	GlobalSection(SolutionConfigurationPlatforms) = preSolution
		Debug|Any CPU = Debug|Any CPU
		Release|Any CPU = Release|Any CPU
	EndGlobalSection
	GlobalSection(ProjectConfigurationPlatforms) = postSolution
		{7FE7AE0A-A0A7-4284-8B6F-1FD808ED4496}.Debug|Any CPU.ActiveCfg = Debug|Any CPU
		{7FE7AE0A-A0A7-4284-8B6F-1FD808ED4496}.Debug|Any CPU.Build.0 = Debug|Any CPU
		{7FE7AE0A-A0A7-4284-8B6F-1FD808ED4496}.Release|Any CPU.ActiveCfg = Release|Any CPU
		{7FE7AE0A-A0A7-4284-8B6F-1FD808ED4496}.Release|Any CPU.Build.0 = Release|Any CPU
	EndGlobalSection
	GlobalSection(SolutionProperties) = preSolution
		HideSolutionNode = FALSE
	EndGlobalSection
	GlobalSection(ExtensibilityGlobals) = postSolution
		SolutionGuid = {0E059DA5-B049-47D6-B914-EAB4895B63B3}
	EndGlobalSection
EndGlobal
